
Microsoft Visual Studio Solution File, Format Version 12.00
# Visual Studio 2012
Project("{FAE04EC0-301F-11D3-BF4B-00C04F79EFBC}") = "_01_NullableApp", "_01_NullableApp\_01_NullableApp.csproj", "{E7AD2DA5-F165-4C9F-8E69-916EA20B2EFE}"
EndProject
Project("{FAE04EC0-301F-11D3-BF4B-00C04F79EFBC}") = "_02_NullableStaticApp", "_02_NullableStaticApp\_02_NullableStaticApp.csproj", "{AB3CA1E1-F336-478F-9D70-D8B6E30967A8}"
EndProject
Project("{FAE04EC0-301F-11D3-BF4B-00C04F79EFBC}") = "_03_ReferenceParamaterApp", "_03_ReferenceParamaterApp\_03_ReferenceParamaterApp.csproj", "{D836E417-FB2E-484C-95CE-1322FA286CC1}"
EndProject
Project("{FAE04EC0-301F-11D3-BF4B-00C04F79EFBC}") = "_04_NamedParameterApp", "_04_NamedParameterApp\_04_NamedParameterApp.csproj", "{D695D5AE-8926-4B11-9383-984079BDCBA6}"
EndProject
Project("{FAE04EC0-301F-11D3-BF4B-00C04F79EFBC}") = "_05_OptionalParameterApp", "_05_OptionalParameterApp\_05_OptionalParameterApp.csproj", "{20A3829E-C816-4EC6-8C3C-4D1F9B160202}"
EndProject
Project("{FAE04EC0-301F-11D3-BF4B-00C04F79EFBC}") = "_06_ParamsApp", "_06_ParamsApp\_06_ParamsApp.csproj", "{C99A2F48-34CB-4D16-B1F0-4920A4EF7853}"
EndProject
Project("{FAE04EC0-301F-11D3-BF4B-00C04F79EFBC}") = "_07_IndexserApp", "_07_IndexserApp\_07_IndexserApp.csproj", "{ADB2916A-F391-43BE-A5D7-A1AAACEC6640}"
EndProject
Project("{FAE04EC0-301F-11D3-BF4B-00C04F79EFBC}") = "_00_ExampleApp", "_00_ExampleApp\_00_ExampleApp.csproj", "{D4E967FB-5D2F-43DC-BB31-4CFBA9754415}"
EndProject
Project("{FAE04EC0-301F-11D3-BF4B-00C04F79EFBC}") = "_08_ConvertApp", "_08_ConvertApp\_08_ConvertApp.csproj", "{C10C757F-5799-4EAA-BBE4-D1AC40AD1EAE}"
EndProject
Project("{FAE04EC0-301F-11D3-BF4B-00C04F79EFBC}") = "_09_ConvertOperatorApp", "_09_ConvertOperatorApp\_09_ConvertOperatorApp.csproj", "{AC10AA90-505A-4F14-8DF1-5F2EF00E08A8}"
EndProject
Project("{FAE04EC0-301F-11D3-BF4B-00C04F79EFBC}") = "_10_PropertyApp", "_10_PropertyApp\_10_PropertyApp.csproj", "{4858B262-2BB1-4AF1-8DB9-4798BB094770}"
EndProject
Project("{FAE04EC0-301F-11D3-BF4B-00C04F79EFBC}") = "_11_DelegateApp", "_11_DelegateApp\_11_DelegateApp.csproj", "{306D96F0-0A71-408C-ABA6-68243CE526AF}"
EndProject
Project("{FAE04EC0-301F-11D3-BF4B-00C04F79EFBC}") = "_12_DelegateParameterApp", "_12_DelegateParameterApp\_12_DelegateParameterApp.csproj", "{1C4A256E-49DB-4234-90FC-AFBA38F7BB61}"
EndProject
Project("{FAE04EC0-301F-11D3-BF4B-00C04F79EFBC}") = "_13_AnonymousMethodApp", "_13_AnonymousMethodApp\_13_AnonymousMethodApp.csproj", "{C5BDF109-EE82-4313-AE54-BACA9419CD24}"
EndProject
Project("{FAE04EC0-301F-11D3-BF4B-00C04F79EFBC}") = "_14_LambdaExpressionApp", "_14_LambdaExpressionApp\_14_LambdaExpressionApp.csproj", "{CED3ACA6-7703-4398-AB75-B235EB299B21}"
EndProject
Project("{FAE04EC0-301F-11D3-BF4B-00C04F79EFBC}") = "_15_AnonymousTypeApp", "_15_AnonymousType\_15_AnonymousTypeApp.csproj", "{515026A0-77AD-41DD-B3BD-FDB1FD237A12}"
EndProject
Project("{FAE04EC0-301F-11D3-BF4B-00C04F79EFBC}") = "_16_AnonymousTypeLINQApp", "_16_AnonymousTypeLINQApp\_16_AnonymousTypeLINQApp.csproj", "{C15A2924-C095-4FEE-87A5-C30AA180E5ED}"
EndProject
Project("{FAE04EC0-301F-11D3-BF4B-00C04F79EFBC}") = "_17_VarKeywordApp", "_17_VarKeywordApp\_17_VarKeywordApp.csproj", "{5264EF8E-E52F-467B-B44D-A03347CF67D7}"
EndProject
Project("{FAE04EC0-301F-11D3-BF4B-00C04F79EFBC}") = "_18_DynamicKeywordApp", "_18_DynamicKeywordApp\_18_DynamicKeywordApp.csproj", "{6116E5BE-2A6A-4951-8160-AE3229C1ECEB}"
EndProject
Project("{FAE04EC0-301F-11D3-BF4B-00C04F79EFBC}") = "_19_ExpansionMethodApp", "_19_ExpansionMethodApp\_19_ExpansionMethodApp.csproj", "{D6C96BB6-235E-49DC-A595-429C9926F1CA}"
EndProject
Global
	GlobalSection(SolutionConfigurationPlatforms) = preSolution
		Debug|Any CPU = Debug|Any CPU
		Release|Any CPU = Release|Any CPU
	EndGlobalSection
	GlobalSection(ProjectConfigurationPlatforms) = postSolution
		{E7AD2DA5-F165-4C9F-8E69-916EA20B2EFE}.Debug|Any CPU.ActiveCfg = Debug|Any CPU
		{E7AD2DA5-F165-4C9F-8E69-916EA20B2EFE}.Debug|Any CPU.Build.0 = Debug|Any CPU
		{E7AD2DA5-F165-4C9F-8E69-916EA20B2EFE}.Release|Any CPU.ActiveCfg = Release|Any CPU
		{E7AD2DA5-F165-4C9F-8E69-916EA20B2EFE}.Release|Any CPU.Build.0 = Release|Any CPU
		{AB3CA1E1-F336-478F-9D70-D8B6E30967A8}.Debug|Any CPU.ActiveCfg = Debug|Any CPU
		{AB3CA1E1-F336-478F-9D70-D8B6E30967A8}.Debug|Any CPU.Build.0 = Debug|Any CPU
		{AB3CA1E1-F336-478F-9D70-D8B6E30967A8}.Release|Any CPU.ActiveCfg = Release|Any CPU
		{AB3CA1E1-F336-478F-9D70-D8B6E30967A8}.Release|Any CPU.Build.0 = Release|Any CPU
		{D836E417-FB2E-484C-95CE-1322FA286CC1}.Debug|Any CPU.ActiveCfg = Debug|Any CPU
		{D836E417-FB2E-484C-95CE-1322FA286CC1}.Debug|Any CPU.Build.0 = Debug|Any CPU
		{D836E417-FB2E-484C-95CE-1322FA286CC1}.Release|Any CPU.ActiveCfg = Release|Any CPU
		{D836E417-FB2E-484C-95CE-1322FA286CC1}.Release|Any CPU.Build.0 = Release|Any CPU
		{D695D5AE-8926-4B11-9383-984079BDCBA6}.Debug|Any CPU.ActiveCfg = Debug|Any CPU
		{D695D5AE-8926-4B11-9383-984079BDCBA6}.Debug|Any CPU.Build.0 = Debug|Any CPU
		{D695D5AE-8926-4B11-9383-984079BDCBA6}.Release|Any CPU.ActiveCfg = Release|Any CPU
		{D695D5AE-8926-4B11-9383-984079BDCBA6}.Release|Any CPU.Build.0 = Release|Any CPU
		{20A3829E-C816-4EC6-8C3C-4D1F9B160202}.Debug|Any CPU.ActiveCfg = Debug|Any CPU
		{20A3829E-C816-4EC6-8C3C-4D1F9B160202}.Debug|Any CPU.Build.0 = Debug|Any CPU
		{20A3829E-C816-4EC6-8C3C-4D1F9B160202}.Release|Any CPU.ActiveCfg = Release|Any CPU
		{20A3829E-C816-4EC6-8C3C-4D1F9B160202}.Release|Any CPU.Build.0 = Release|Any CPU
		{C99A2F48-34CB-4D16-B1F0-4920A4EF7853}.Debug|Any CPU.ActiveCfg = Debug|Any CPU
		{C99A2F48-34CB-4D16-B1F0-4920A4EF7853}.Debug|Any CPU.Build.0 = Debug|Any CPU
		{C99A2F48-34CB-4D16-B1F0-4920A4EF7853}.Release|Any CPU.ActiveCfg = Release|Any CPU
		{C99A2F48-34CB-4D16-B1F0-4920A4EF7853}.Release|Any CPU.Build.0 = Release|Any CPU
		{ADB2916A-F391-43BE-A5D7-A1AAACEC6640}.Debug|Any CPU.ActiveCfg = Debug|Any CPU
		{ADB2916A-F391-43BE-A5D7-A1AAACEC6640}.Debug|Any CPU.Build.0 = Debug|Any CPU
		{ADB2916A-F391-43BE-A5D7-A1AAACEC6640}.Release|Any CPU.ActiveCfg = Release|Any CPU
		{ADB2916A-F391-43BE-A5D7-A1AAACEC6640}.Release|Any CPU.Build.0 = Release|Any CPU
		{D4E967FB-5D2F-43DC-BB31-4CFBA9754415}.Debug|Any CPU.ActiveCfg = Debug|Any CPU
		{D4E967FB-5D2F-43DC-BB31-4CFBA9754415}.Debug|Any CPU.Build.0 = Debug|Any CPU
		{D4E967FB-5D2F-43DC-BB31-4CFBA9754415}.Release|Any CPU.ActiveCfg = Release|Any CPU
		{D4E967FB-5D2F-43DC-BB31-4CFBA9754415}.Release|Any CPU.Build.0 = Release|Any CPU
		{C10C757F-5799-4EAA-BBE4-D1AC40AD1EAE}.Debug|Any CPU.ActiveCfg = Debug|Any CPU
		{C10C757F-5799-4EAA-BBE4-D1AC40AD1EAE}.Debug|Any CPU.Build.0 = Debug|Any CPU
		{C10C757F-5799-4EAA-BBE4-D1AC40AD1EAE}.Release|Any CPU.ActiveCfg = Release|Any CPU
		{C10C757F-5799-4EAA-BBE4-D1AC40AD1EAE}.Release|Any CPU.Build.0 = Release|Any CPU
		{AC10AA90-505A-4F14-8DF1-5F2EF00E08A8}.Debug|Any CPU.ActiveCfg = Debug|Any CPU
		{AC10AA90-505A-4F14-8DF1-5F2EF00E08A8}.Debug|Any CPU.Build.0 = Debug|Any CPU
		{AC10AA90-505A-4F14-8DF1-5F2EF00E08A8}.Release|Any CPU.ActiveCfg = Release|Any CPU
		{AC10AA90-505A-4F14-8DF1-5F2EF00E08A8}.Release|Any CPU.Build.0 = Release|Any CPU
		{4858B262-2BB1-4AF1-8DB9-4798BB094770}.Debug|Any CPU.ActiveCfg = Debug|Any CPU
		{4858B262-2BB1-4AF1-8DB9-4798BB094770}.Debug|Any CPU.Build.0 = Debug|Any CPU
		{4858B262-2BB1-4AF1-8DB9-4798BB094770}.Release|Any CPU.ActiveCfg = Release|Any CPU
		{4858B262-2BB1-4AF1-8DB9-4798BB094770}.Release|Any CPU.Build.0 = Release|Any CPU
		{306D96F0-0A71-408C-ABA6-68243CE526AF}.Debug|Any CPU.ActiveCfg = Debug|Any CPU
		{306D96F0-0A71-408C-ABA6-68243CE526AF}.Debug|Any CPU.Build.0 = Debug|Any CPU
		{306D96F0-0A71-408C-ABA6-68243CE526AF}.Release|Any CPU.ActiveCfg = Release|Any CPU
		{306D96F0-0A71-408C-ABA6-68243CE526AF}.Release|Any CPU.Build.0 = Release|Any CPU
		{1C4A256E-49DB-4234-90FC-AFBA38F7BB61}.Debug|Any CPU.ActiveCfg = Debug|Any CPU
		{1C4A256E-49DB-4234-90FC-AFBA38F7BB61}.Debug|Any CPU.Build.0 = Debug|Any CPU
		{1C4A256E-49DB-4234-90FC-AFBA38F7BB61}.Release|Any CPU.ActiveCfg = Release|Any CPU
		{1C4A256E-49DB-4234-90FC-AFBA38F7BB61}.Release|Any CPU.Build.0 = Release|Any CPU
		{C5BDF109-EE82-4313-AE54-BACA9419CD24}.Debug|Any CPU.ActiveCfg = Debug|Any CPU
		{C5BDF109-EE82-4313-AE54-BACA9419CD24}.Debug|Any CPU.Build.0 = Debug|Any CPU
		{C5BDF109-EE82-4313-AE54-BACA9419CD24}.Release|Any CPU.ActiveCfg = Release|Any CPU
		{C5BDF109-EE82-4313-AE54-BACA9419CD24}.Release|Any CPU.Build.0 = Release|Any CPU
		{CED3ACA6-7703-4398-AB75-B235EB299B21}.Debug|Any CPU.ActiveCfg = Debug|Any CPU
		{CED3ACA6-7703-4398-AB75-B235EB299B21}.Debug|Any CPU.Build.0 = Debug|Any CPU
		{CED3ACA6-7703-4398-AB75-B235EB299B21}.Release|Any CPU.ActiveCfg = Release|Any CPU
		{CED3ACA6-7703-4398-AB75-B235EB299B21}.Release|Any CPU.Build.0 = Release|Any CPU
		{515026A0-77AD-41DD-B3BD-FDB1FD237A12}.Debug|Any CPU.ActiveCfg = Debug|Any CPU
		{515026A0-77AD-41DD-B3BD-FDB1FD237A12}.Debug|Any CPU.Build.0 = Debug|Any CPU
		{515026A0-77AD-41DD-B3BD-FDB1FD237A12}.Release|Any CPU.ActiveCfg = Release|Any CPU
		{515026A0-77AD-41DD-B3BD-FDB1FD237A12}.Release|Any CPU.Build.0 = Release|Any CPU
		{C15A2924-C095-4FEE-87A5-C30AA180E5ED}.Debug|Any CPU.ActiveCfg = Debug|Any CPU
		{C15A2924-C095-4FEE-87A5-C30AA180E5ED}.Debug|Any CPU.Build.0 = Debug|Any CPU
		{C15A2924-C095-4FEE-87A5-C30AA180E5ED}.Release|Any CPU.ActiveCfg = Release|Any CPU
		{C15A2924-C095-4FEE-87A5-C30AA180E5ED}.Release|Any CPU.Build.0 = Release|Any CPU
		{5264EF8E-E52F-467B-B44D-A03347CF67D7}.Debug|Any CPU.ActiveCfg = Debug|Any CPU
		{5264EF8E-E52F-467B-B44D-A03347CF67D7}.Debug|Any CPU.Build.0 = Debug|Any CPU
		{5264EF8E-E52F-467B-B44D-A03347CF67D7}.Release|Any CPU.ActiveCfg = Release|Any CPU
		{5264EF8E-E52F-467B-B44D-A03347CF67D7}.Release|Any CPU.Build.0 = Release|Any CPU
		{6116E5BE-2A6A-4951-8160-AE3229C1ECEB}.Debug|Any CPU.ActiveCfg = Debug|Any CPU
		{6116E5BE-2A6A-4951-8160-AE3229C1ECEB}.Debug|Any CPU.Build.0 = Debug|Any CPU
		{6116E5BE-2A6A-4951-8160-AE3229C1ECEB}.Release|Any CPU.ActiveCfg = Release|Any CPU
		{6116E5BE-2A6A-4951-8160-AE3229C1ECEB}.Release|Any CPU.Build.0 = Release|Any CPU
		{D6C96BB6-235E-49DC-A595-429C9926F1CA}.Debug|Any CPU.ActiveCfg = Debug|Any CPU
		{D6C96BB6-235E-49DC-A595-429C9926F1CA}.Debug|Any CPU.Build.0 = Debug|Any CPU
		{D6C96BB6-235E-49DC-A595-429C9926F1CA}.Release|Any CPU.ActiveCfg = Release|Any CPU
		{D6C96BB6-235E-49DC-A595-429C9926F1CA}.Release|Any CPU.Build.0 = Release|Any CPU
	EndGlobalSection
	GlobalSection(SolutionProperties) = preSolution
		HideSolutionNode = FALSE
	EndGlobalSection
EndGlobal
