
Microsoft Visual Studio Solution File, Format Version 12.00
# Visual Studio 14
VisualStudioVersion = 14.0.25420.1
MinimumVisualStudioVersion = 10.0.40219.1
Project("{FAE04EC0-301F-11D3-BF4B-00C04F79EFBC}") = "_01_NullableApp", "_01_NullableApp\_01_NullableApp.csproj", "{E7AD2DA5-F165-4C9F-8E69-916EA20B2EFE}"
EndProject
Project("{FAE04EC0-301F-11D3-BF4B-00C04F79EFBC}") = "_02_NullableStaticApp", "_02_NullableStaticApp\_02_NullableStaticApp.csproj", "{AB3CA1E1-F336-478F-9D70-D8B6E30967A8}"
EndProject
Project("{FAE04EC0-301F-11D3-BF4B-00C04F79EFBC}") = "_03_ReferenceParamaterApp", "_03_ReferenceParamaterApp\_03_ReferenceParamaterApp.csproj", "{D836E417-FB2E-484C-95CE-1322FA286CC1}"
EndProject
Project("{FAE04EC0-301F-11D3-BF4B-00C04F79EFBC}") = "_04_NamedParameterApp", "_04_NamedParameterApp\_04_NamedParameterApp.csproj", "{D695D5AE-8926-4B11-9383-984079BDCBA6}"
EndProject
Project("{FAE04EC0-301F-11D3-BF4B-00C04F79EFBC}") = "_05_OptionalParameterApp", "_05_OptionalParameterApp\_05_OptionalParameterApp.csproj", "{20A3829E-C816-4EC6-8C3C-4D1F9B160202}"
EndProject
Project("{FAE04EC0-301F-11D3-BF4B-00C04F79EFBC}") = "_06_ParamsApp", "_06_ParamsApp\_06_ParamsApp.csproj", "{C99A2F48-34CB-4D16-B1F0-4920A4EF7853}"
EndProject
Project("{FAE04EC0-301F-11D3-BF4B-00C04F79EFBC}") = "_07_IndexserApp", "_07_IndexserApp\_07_IndexserApp.csproj", "{ADB2916A-F391-43BE-A5D7-A1AAACEC6640}"
EndProject
Project("{FAE04EC0-301F-11D3-BF4B-00C04F79EFBC}") = "_00_ExampleApp", "_00_ExampleApp\_00_ExampleApp.csproj", "{D4E967FB-5D2F-43DC-BB31-4CFBA9754415}"
EndProject
Project("{FAE04EC0-301F-11D3-BF4B-00C04F79EFBC}") = "_08_ConvertApp", "_08_ConvertApp\_08_ConvertApp.csproj", "{C10C757F-5799-4EAA-BBE4-D1AC40AD1EAE}"
EndProject
Project("{FAE04EC0-301F-11D3-BF4B-00C04F79EFBC}") = "_09_ConvertOperatorApp", "_09_ConvertOperatorApp\_09_ConvertOperatorApp.csproj", "{AC10AA90-505A-4F14-8DF1-5F2EF00E08A8}"
EndProject
Global
	GlobalSection(SolutionConfigurationPlatforms) = preSolution
		Debug|Any CPU = Debug|Any CPU
		Release|Any CPU = Release|Any CPU
	EndGlobalSection
	GlobalSection(ProjectConfigurationPlatforms) = postSolution
		{E7AD2DA5-F165-4C9F-8E69-916EA20B2EFE}.Debug|Any CPU.ActiveCfg = Debug|Any CPU
		{E7AD2DA5-F165-4C9F-8E69-916EA20B2EFE}.Debug|Any CPU.Build.0 = Debug|Any CPU
		{E7AD2DA5-F165-4C9F-8E69-916EA20B2EFE}.Release|Any CPU.ActiveCfg = Release|Any CPU
		{E7AD2DA5-F165-4C9F-8E69-916EA20B2EFE}.Release|Any CPU.Build.0 = Release|Any CPU
		{AB3CA1E1-F336-478F-9D70-D8B6E30967A8}.Debug|Any CPU.ActiveCfg = Debug|Any CPU
		{AB3CA1E1-F336-478F-9D70-D8B6E30967A8}.Debug|Any CPU.Build.0 = Debug|Any CPU
		{AB3CA1E1-F336-478F-9D70-D8B6E30967A8}.Release|Any CPU.ActiveCfg = Release|Any CPU
		{AB3CA1E1-F336-478F-9D70-D8B6E30967A8}.Release|Any CPU.Build.0 = Release|Any CPU
		{D836E417-FB2E-484C-95CE-1322FA286CC1}.Debug|Any CPU.ActiveCfg = Debug|Any CPU
		{D836E417-FB2E-484C-95CE-1322FA286CC1}.Debug|Any CPU.Build.0 = Debug|Any CPU
		{D836E417-FB2E-484C-95CE-1322FA286CC1}.Release|Any CPU.ActiveCfg = Release|Any CPU
		{D836E417-FB2E-484C-95CE-1322FA286CC1}.Release|Any CPU.Build.0 = Release|Any CPU
		{D695D5AE-8926-4B11-9383-984079BDCBA6}.Debug|Any CPU.ActiveCfg = Debug|Any CPU
		{D695D5AE-8926-4B11-9383-984079BDCBA6}.Debug|Any CPU.Build.0 = Debug|Any CPU
		{D695D5AE-8926-4B11-9383-984079BDCBA6}.Release|Any CPU.ActiveCfg = Release|Any CPU
		{D695D5AE-8926-4B11-9383-984079BDCBA6}.Release|Any CPU.Build.0 = Release|Any CPU
		{20A3829E-C816-4EC6-8C3C-4D1F9B160202}.Debug|Any CPU.ActiveCfg = Debug|Any CPU
		{20A3829E-C816-4EC6-8C3C-4D1F9B160202}.Debug|Any CPU.Build.0 = Debug|Any CPU
		{20A3829E-C816-4EC6-8C3C-4D1F9B160202}.Release|Any CPU.ActiveCfg = Release|Any CPU
		{20A3829E-C816-4EC6-8C3C-4D1F9B160202}.Release|Any CPU.Build.0 = Release|Any CPU
		{C99A2F48-34CB-4D16-B1F0-4920A4EF7853}.Debug|Any CPU.ActiveCfg = Debug|Any CPU
		{C99A2F48-34CB-4D16-B1F0-4920A4EF7853}.Debug|Any CPU.Build.0 = Debug|Any CPU
		{C99A2F48-34CB-4D16-B1F0-4920A4EF7853}.Release|Any CPU.ActiveCfg = Release|Any CPU
		{C99A2F48-34CB-4D16-B1F0-4920A4EF7853}.Release|Any CPU.Build.0 = Release|Any CPU
		{ADB2916A-F391-43BE-A5D7-A1AAACEC6640}.Debug|Any CPU.ActiveCfg = Debug|Any CPU
		{ADB2916A-F391-43BE-A5D7-A1AAACEC6640}.Debug|Any CPU.Build.0 = Debug|Any CPU
		{ADB2916A-F391-43BE-A5D7-A1AAACEC6640}.Release|Any CPU.ActiveCfg = Release|Any CPU
		{ADB2916A-F391-43BE-A5D7-A1AAACEC6640}.Release|Any CPU.Build.0 = Release|Any CPU
		{D4E967FB-5D2F-43DC-BB31-4CFBA9754415}.Debug|Any CPU.ActiveCfg = Debug|Any CPU
		{D4E967FB-5D2F-43DC-BB31-4CFBA9754415}.Debug|Any CPU.Build.0 = Debug|Any CPU
		{D4E967FB-5D2F-43DC-BB31-4CFBA9754415}.Release|Any CPU.ActiveCfg = Release|Any CPU
		{D4E967FB-5D2F-43DC-BB31-4CFBA9754415}.Release|Any CPU.Build.0 = Release|Any CPU
		{C10C757F-5799-4EAA-BBE4-D1AC40AD1EAE}.Debug|Any CPU.ActiveCfg = Debug|Any CPU
		{C10C757F-5799-4EAA-BBE4-D1AC40AD1EAE}.Debug|Any CPU.Build.0 = Debug|Any CPU
		{C10C757F-5799-4EAA-BBE4-D1AC40AD1EAE}.Release|Any CPU.ActiveCfg = Release|Any CPU
		{C10C757F-5799-4EAA-BBE4-D1AC40AD1EAE}.Release|Any CPU.Build.0 = Release|Any CPU
		{AC10AA90-505A-4F14-8DF1-5F2EF00E08A8}.Debug|Any CPU.ActiveCfg = Debug|Any CPU
		{AC10AA90-505A-4F14-8DF1-5F2EF00E08A8}.Debug|Any CPU.Build.0 = Debug|Any CPU
		{AC10AA90-505A-4F14-8DF1-5F2EF00E08A8}.Release|Any CPU.ActiveCfg = Release|Any CPU
		{AC10AA90-505A-4F14-8DF1-5F2EF00E08A8}.Release|Any CPU.Build.0 = Release|Any CPU
	EndGlobalSection
	GlobalSection(SolutionProperties) = preSolution
		HideSolutionNode = FALSE
	EndGlobalSection
EndGlobal
