
Microsoft Visual Studio Solution File, Format Version 12.00
# Visual Studio 2012
Project("{FAE04EC0-301F-11D3-BF4B-00C04F79EFBC}") = "_00_ExampleApp", "_00_Example\_00_ExampleApp.csproj", "{6DFE7C3B-A773-485B-BC16-838B77FCCCC9}"
EndProject
Project("{FAE04EC0-301F-11D3-BF4B-00C04F79EFBC}") = "_01_ConnectionApp", "_01_ConnectionApp\_01_ConnectionApp.csproj", "{E324D2F6-B6CC-498A-8188-D8C0E9F828C3}"
EndProject
Project("{FAE04EC0-301F-11D3-BF4B-00C04F79EFBC}") = "_02_SqlCommandApp", "_02_DataReaderApp\_02_SqlCommandApp.csproj", "{85BCD339-2243-4D59-8A97-14796A0E8FD2}"
EndProject
Project("{FAE04EC0-301F-11D3-BF4B-00C04F79EFBC}") = "_03_DataReaderApp", "_03_DataReaderApp\_03_DataReaderApp.csproj", "{0A1928DC-FE77-4ADC-9BCA-BE5976E527C9}"
EndProject
Project("{FAE04EC0-301F-11D3-BF4B-00C04F79EFBC}") = "_04_DataAdapterApp", "_04_DataAdapterApp\_04_DataAdapterApp.csproj", "{98C5AC49-BD47-4FED-B29A-2A6BAFA30F7A}"
EndProject
Project("{FAE04EC0-301F-11D3-BF4B-00C04F79EFBC}") = "_06_LINQFunctionApp", "_06_LINQFunctionApp\_06_LINQFunctionApp.csproj", "{7EDAFACE-8231-49AA-9197-282B48ADFDD1}"
EndProject
Project("{FAE04EC0-301F-11D3-BF4B-00C04F79EFBC}") = "_05_LINQQueryApp", "_05_LINQQueryApp\_05_LINQQueryApp.csproj", "{CF0CB372-2AC1-43EC-A1FA-07B418DB9DF3}"
EndProject
Project("{FAE04EC0-301F-11D3-BF4B-00C04F79EFBC}") = "_07_LINQtoSQLApp", "_07_LINQtoSQLApp\_07_LINQtoSQLApp.csproj", "{3B8F23FA-4EDA-41E6-BBBA-25810C3C005F}"
EndProject
Project("{FAE04EC0-301F-11D3-BF4B-00C04F79EFBC}") = "_08_DataGridViewApp", "_08_DataGridViewApp\_08_DataGridViewApp.csproj", "{2E9A8C6A-BD3D-4532-BBF0-9C299BA486F5}"
EndProject
Project("{FAE04EC0-301F-11D3-BF4B-00C04F79EFBC}") = "_09_DBNullApp", "_09_DBNullApp\_09_DBNullApp.csproj", "{F0C3361E-6A91-4FE1-9969-6FF60EC6AFDF}"
EndProject
Global
	GlobalSection(SolutionConfigurationPlatforms) = preSolution
		Debug|Any CPU = Debug|Any CPU
		Release|Any CPU = Release|Any CPU
	EndGlobalSection
	GlobalSection(ProjectConfigurationPlatforms) = postSolution
		{6DFE7C3B-A773-485B-BC16-838B77FCCCC9}.Debug|Any CPU.ActiveCfg = Debug|Any CPU
		{6DFE7C3B-A773-485B-BC16-838B77FCCCC9}.Debug|Any CPU.Build.0 = Debug|Any CPU
		{6DFE7C3B-A773-485B-BC16-838B77FCCCC9}.Release|Any CPU.ActiveCfg = Release|Any CPU
		{6DFE7C3B-A773-485B-BC16-838B77FCCCC9}.Release|Any CPU.Build.0 = Release|Any CPU
		{E324D2F6-B6CC-498A-8188-D8C0E9F828C3}.Debug|Any CPU.ActiveCfg = Debug|Any CPU
		{E324D2F6-B6CC-498A-8188-D8C0E9F828C3}.Debug|Any CPU.Build.0 = Debug|Any CPU
		{E324D2F6-B6CC-498A-8188-D8C0E9F828C3}.Release|Any CPU.ActiveCfg = Release|Any CPU
		{E324D2F6-B6CC-498A-8188-D8C0E9F828C3}.Release|Any CPU.Build.0 = Release|Any CPU
		{85BCD339-2243-4D59-8A97-14796A0E8FD2}.Debug|Any CPU.ActiveCfg = Debug|Any CPU
		{85BCD339-2243-4D59-8A97-14796A0E8FD2}.Debug|Any CPU.Build.0 = Debug|Any CPU
		{85BCD339-2243-4D59-8A97-14796A0E8FD2}.Release|Any CPU.ActiveCfg = Release|Any CPU
		{85BCD339-2243-4D59-8A97-14796A0E8FD2}.Release|Any CPU.Build.0 = Release|Any CPU
		{0A1928DC-FE77-4ADC-9BCA-BE5976E527C9}.Debug|Any CPU.ActiveCfg = Debug|Any CPU
		{0A1928DC-FE77-4ADC-9BCA-BE5976E527C9}.Debug|Any CPU.Build.0 = Debug|Any CPU
		{0A1928DC-FE77-4ADC-9BCA-BE5976E527C9}.Release|Any CPU.ActiveCfg = Release|Any CPU
		{0A1928DC-FE77-4ADC-9BCA-BE5976E527C9}.Release|Any CPU.Build.0 = Release|Any CPU
		{98C5AC49-BD47-4FED-B29A-2A6BAFA30F7A}.Debug|Any CPU.ActiveCfg = Debug|Any CPU
		{98C5AC49-BD47-4FED-B29A-2A6BAFA30F7A}.Debug|Any CPU.Build.0 = Debug|Any CPU
		{98C5AC49-BD47-4FED-B29A-2A6BAFA30F7A}.Release|Any CPU.ActiveCfg = Release|Any CPU
		{98C5AC49-BD47-4FED-B29A-2A6BAFA30F7A}.Release|Any CPU.Build.0 = Release|Any CPU
		{7EDAFACE-8231-49AA-9197-282B48ADFDD1}.Debug|Any CPU.ActiveCfg = Debug|Any CPU
		{7EDAFACE-8231-49AA-9197-282B48ADFDD1}.Debug|Any CPU.Build.0 = Debug|Any CPU
		{7EDAFACE-8231-49AA-9197-282B48ADFDD1}.Release|Any CPU.ActiveCfg = Release|Any CPU
		{7EDAFACE-8231-49AA-9197-282B48ADFDD1}.Release|Any CPU.Build.0 = Release|Any CPU
		{CF0CB372-2AC1-43EC-A1FA-07B418DB9DF3}.Debug|Any CPU.ActiveCfg = Debug|Any CPU
		{CF0CB372-2AC1-43EC-A1FA-07B418DB9DF3}.Debug|Any CPU.Build.0 = Debug|Any CPU
		{CF0CB372-2AC1-43EC-A1FA-07B418DB9DF3}.Release|Any CPU.ActiveCfg = Release|Any CPU
		{CF0CB372-2AC1-43EC-A1FA-07B418DB9DF3}.Release|Any CPU.Build.0 = Release|Any CPU
		{3B8F23FA-4EDA-41E6-BBBA-25810C3C005F}.Debug|Any CPU.ActiveCfg = Debug|Any CPU
		{3B8F23FA-4EDA-41E6-BBBA-25810C3C005F}.Debug|Any CPU.Build.0 = Debug|Any CPU
		{3B8F23FA-4EDA-41E6-BBBA-25810C3C005F}.Release|Any CPU.ActiveCfg = Release|Any CPU
		{3B8F23FA-4EDA-41E6-BBBA-25810C3C005F}.Release|Any CPU.Build.0 = Release|Any CPU
		{2E9A8C6A-BD3D-4532-BBF0-9C299BA486F5}.Debug|Any CPU.ActiveCfg = Debug|Any CPU
		{2E9A8C6A-BD3D-4532-BBF0-9C299BA486F5}.Debug|Any CPU.Build.0 = Debug|Any CPU
		{2E9A8C6A-BD3D-4532-BBF0-9C299BA486F5}.Release|Any CPU.ActiveCfg = Release|Any CPU
		{2E9A8C6A-BD3D-4532-BBF0-9C299BA486F5}.Release|Any CPU.Build.0 = Release|Any CPU
		{F0C3361E-6A91-4FE1-9969-6FF60EC6AFDF}.Debug|Any CPU.ActiveCfg = Debug|Any CPU
		{F0C3361E-6A91-4FE1-9969-6FF60EC6AFDF}.Debug|Any CPU.Build.0 = Debug|Any CPU
		{F0C3361E-6A91-4FE1-9969-6FF60EC6AFDF}.Release|Any CPU.ActiveCfg = Release|Any CPU
		{F0C3361E-6A91-4FE1-9969-6FF60EC6AFDF}.Release|Any CPU.Build.0 = Release|Any CPU
	EndGlobalSection
	GlobalSection(SolutionProperties) = preSolution
		HideSolutionNode = FALSE
	EndGlobalSection
EndGlobal
